
Microsoft Visual Studio Solution File, Format Version 12.00
# Visual Studio Version 17
VisualStudioVersion = 17.1.32210.238
MinimumVisualStudioVersion = 10.0.40219.1
Project("{FAE04EC0-301F-11D3-BF4B-00C04F79EFBC}") = "DesktopApp", "DesktopApp.csproj", "{4D796E67-6A56-4519-8461-BFB21CF5A961}"
EndProject
Global
	GlobalSection(SolutionConfigurationPlatforms) = preSolution
		Debug|Any CPU = Debug|Any CPU
		Release|Any CPU = Release|Any CPU
	EndGlobalSection
	GlobalSection(ProjectConfigurationPlatforms) = postSolution
		{4D796E67-6A56-4519-8461-BFB21CF5A961}.Debug|Any CPU.ActiveCfg = Debug|Any CPU
		{4D796E67-6A56-4519-8461-BFB21CF5A961}.Debug|Any CPU.Build.0 = Debug|Any CPU
		{4D796E67-6A56-4519-8461-BFB21CF5A961}.Release|Any CPU.ActiveCfg = Release|Any CPU
		{4D796E67-6A56-4519-8461-BFB21CF5A961}.Release|Any CPU.Build.0 = Release|Any CPU
	EndGlobalSection
	GlobalSection(SolutionProperties) = preSolution
		HideSolutionNode = FALSE
	EndGlobalSection
	GlobalSection(ExtensibilityGlobals) = postSolution
		SolutionGuid = {39C9B18F-1561-4E1F-992E-738B8F00FD92}
	EndGlobalSection
EndGlobal
